// !$*UTF8*$!
{
	archiveVersion = 1;
	classes = {
	};
	objectVersion = 50;
	objects = {

/* Begin PBXBuildFile section */
		E70F55B420E5DB130094A2D8 /* AppDelegate.m in Sources */ = {isa = PBXBuildFile; fileRef = E70F55B320E5DB130094A2D8 /* AppDelegate.m */; };
		E70F55B720E5DB130094A2D8 /* ViewController.m in Sources */ = {isa = PBXBuildFile; fileRef = E70F55B620E5DB130094A2D8 /* ViewController.m */; };
		E70F55BA20E5DB130094A2D8 /* Main.storyboard in Resources */ = {isa = PBXBuildFile; fileRef = E70F55B820E5DB130094A2D8 /* Main.storyboard */; };
		E70F55BC20E5DB130094A2D8 /* Assets.xcassets in Resources */ = {isa = PBXBuildFile; fileRef = E70F55BB20E5DB130094A2D8 /* Assets.xcassets */; };
		E70F55BF20E5DB130094A2D8 /* LaunchScreen.storyboard in Resources */ = {isa = PBXBuildFile; fileRef = E70F55BD20E5DB130094A2D8 /* LaunchScreen.storyboard */; };
		E70F55C220E5DB130094A2D8 /* main.m in Sources */ = {isa = PBXBuildFile; fileRef = E70F55C120E5DB130094A2D8 /* main.m */; };
		E70F55CC20E5DB140094A2D8 /* __GCDGroupTests.m in Sources */ = {isa = PBXBuildFile; fileRef = E70F55CB20E5DB140094A2D8 /* __GCDGroupTests.m */; };
		E70F55D720E5DB140094A2D8 /* __GCDGroupUITests.m in Sources */ = {isa = PBXBuildFile; fileRef = E70F55D620E5DB140094A2D8 /* __GCDGroupUITests.m */; };
/* End PBXBuildFile section */

/* Begin PBXContainerItemProxy section */
		E70F55C820E5DB140094A2D8 /* PBXContainerItemProxy */ = {
			isa = PBXContainerItemProxy;
			containerPortal = E70F55A720E5DB130094A2D8 /* Project object */;
			proxyType = 1;
			remoteGlobalIDString = E70F55AE20E5DB130094A2D8;
			remoteInfo = "4、GCDGroup";
		};
		E70F55D320E5DB140094A2D8 /* PBXContainerItemProxy */ = {
			isa = PBXContainerItemProxy;
			containerPortal = E70F55A720E5DB130094A2D8 /* Project object */;
			proxyType = 1;
			remoteGlobalIDString = E70F55AE20E5DB130094A2D8;
			remoteInfo = "4、GCDGroup";
		};
/* End PBXContainerItemProxy section */

/* Begin PBXFileReference section */
		E70F55AF20E5DB130094A2D8 /* 4、GCDGroup.app */ = {isa = PBXFileReference; explicitFileType = wrapper.application; includeInIndex = 0; path = "4、GCDGroup.app"; sourceTree = BUILT_PRODUCTS_DIR; };
		E70F55B220E5DB130094A2D8 /* AppDelegate.h */ = {isa = PBXFileReference; lastKnownFileType = sourcecode.c.h; path = AppDelegate.h; sourceTree = "<group>"; };
		E70F55B320E5DB130094A2D8 /* AppDelegate.m */ = {isa = PBXFileReference; lastKnownFileType = sourcecode.c.objc; path = AppDelegate.m; sourceTree = "<group>"; };
		E70F55B520E5DB130094A2D8 /* ViewController.h */ = {isa = PBXFileReference; lastKnownFileType = sourcecode.c.h; path = ViewController.h; sourceTree = "<group>"; };
		E70F55B620E5DB130094A2D8 /* ViewController.m */ = {isa = PBXFileReference; lastKnownFileType = sourcecode.c.objc; path = ViewController.m; sourceTree = "<group>"; };
		E70F55B920E5DB130094A2D8 /* Base */ = {isa = PBXFileReference; lastKnownFileType = file.storyboard; name = Base; path = Base.lproj/Main.storyboard; sourceTree = "<group>"; };
		E70F55BB20E5DB130094A2D8 /* Assets.xcassets */ = {isa = PBXFileReference; lastKnownFileType = folder.assetcatalog; path = Assets.xcassets; sourceTree = "<group>"; };
		E70F55BE20E5DB130094A2D8 /* Base */ = {isa = PBXFileReference; lastKnownFileType = file.storyboard; name = Base; path = Base.lproj/LaunchScreen.storyboard; sourceTree = "<group>"; };
		E70F55C020E5DB130094A2D8 /* Info.plist */ = {isa = PBXFileReference; lastKnownFileType = text.plist.xml; path = Info.plist; sourceTree = "<group>"; };
		E70F55C120E5DB130094A2D8 /* main.m */ = {isa = PBXFileReference; lastKnownFileType = sourcecode.c.objc; path = main.m; sourceTree = "<group>"; };
		E70F55C720E5DB140094A2D8 /* 4、GCDGroupTests.xctest */ = {isa = PBXFileReference; explicitFileType = wrapper.cfbundle; includeInIndex = 0; path = "4、GCDGroupTests.xctest"; sourceTree = BUILT_PRODUCTS_DIR; };
		E70F55CB20E5DB140094A2D8 /* __GCDGroupTests.m */ = {isa = PBXFileReference; lastKnownFileType = sourcecode.c.objc; path = __GCDGroupTests.m; sourceTree = "<group>"; };
		E70F55CD20E5DB140094A2D8 /* Info.plist */ = {isa = PBXFileReference; lastKnownFileType = text.plist.xml; path = Info.plist; sourceTree = "<group>"; };
		E70F55D220E5DB140094A2D8 /* 4、GCDGroupUITests.xctest */ = {isa = PBXFileReference; explicitFileType = wrapper.cfbundle; includeInIndex = 0; path = "4、GCDGroupUITests.xctest"; sourceTree = BUILT_PRODUCTS_DIR; };
		E70F55D620E5DB140094A2D8 /* __GCDGroupUITests.m */ = {isa = PBXFileReference; lastKnownFileType = sourcecode.c.objc; path = __GCDGroupUITests.m; sourceTree = "<group>"; };
		E70F55D820E5DB140094A2D8 /* Info.plist */ = {isa = PBXFileReference; lastKnownFileType = text.plist.xml; path = Info.plist; sourceTree = "<group>"; };
/* End PBXFileReference section */

/* Begin PBXFrameworksBuildPhase section */
		E70F55AC20E5DB130094A2D8 /* Frameworks */ = {
			isa = PBXFrameworksBuildPhase;
			buildActionMask = 2147483647;
			files = (
			);
			runOnlyForDeploymentPostprocessing = 0;
		};
		E70F55C420E5DB140094A2D8 /* Frameworks */ = {
			isa = PBXFrameworksBuildPhase;
			buildActionMask = 2147483647;
			files = (
			);
			runOnlyForDeploymentPostprocessing = 0;
		};
		E70F55CF20E5DB140094A2D8 /* Frameworks */ = {
			isa = PBXFrameworksBuildPhase;
			buildActionMask = 2147483647;
			files = (
			);
			runOnlyForDeploymentPostprocessing = 0;
		};
/* End PBXFrameworksBuildPhase section */

/* Begin PBXGroup section */
		E70F55A620E5DB130094A2D8 = {
			isa = PBXGroup;
			children = (
				E70F55B120E5DB130094A2D8 /* 4、GCDGroup */,
				E70F55CA20E5DB140094A2D8 /* 4、GCDGroupTests */,
				E70F55D520E5DB140094A2D8 /* 4、GCDGroupUITests */,
				E70F55B020E5DB130094A2D8 /* Products */,
			);
			sourceTree = "<group>";
		};
		E70F55B020E5DB130094A2D8 /* Products */ = {
			isa = PBXGroup;
			children = (
				E70F55AF20E5DB130094A2D8 /* 4、GCDGroup.app */,
				E70F55C720E5DB140094A2D8 /* 4、GCDGroupTests.xctest */,
				E70F55D220E5DB140094A2D8 /* 4、GCDGroupUITests.xctest */,
			);
			name = Products;
			sourceTree = "<group>";
		};
		E70F55B120E5DB130094A2D8 /* 4、GCDGroup */ = {
			isa = PBXGroup;
			children = (
				E70F55B220E5DB130094A2D8 /* AppDelegate.h */,
				E70F55B320E5DB130094A2D8 /* AppDelegate.m */,
				E70F55B520E5DB130094A2D8 /* ViewController.h */,
				E70F55B620E5DB130094A2D8 /* ViewController.m */,
				E70F55B820E5DB130094A2D8 /* Main.storyboard */,
				E70F55BB20E5DB130094A2D8 /* Assets.xcassets */,
				E70F55BD20E5DB130094A2D8 /* LaunchScreen.storyboard */,
				E70F55C020E5DB130094A2D8 /* Info.plist */,
				E70F55C120E5DB130094A2D8 /* main.m */,
			);
			path = "4、GCDGroup";
			sourceTree = "<group>";
		};
		E70F55CA20E5DB140094A2D8 /* 4、GCDGroupTests */ = {
			isa = PBXGroup;
			children = (
				E70F55CB20E5DB140094A2D8 /* __GCDGroupTests.m */,
				E70F55CD20E5DB140094A2D8 /* Info.plist */,
			);
			path = "4、GCDGroupTests";
			sourceTree = "<group>";
		};
		E70F55D520E5DB140094A2D8 /* 4、GCDGroupUITests */ = {
			isa = PBXGroup;
			children = (
				E70F55D620E5DB140094A2D8 /* __GCDGroupUITests.m */,
				E70F55D820E5DB140094A2D8 /* Info.plist */,
			);
			path = "4、GCDGroupUITests";
			sourceTree = "<group>";
		};
/* End PBXGroup section */

/* Begin PBXNativeTarget section */
		E70F55AE20E5DB130094A2D8 /* 4、GCDGroup */ = {
			isa = PBXNativeTarget;
			buildConfigurationList = E70F55DB20E5DB140094A2D8 /* Build configuration list for PBXNativeTarget "4、GCDGroup" */;
			buildPhases = (
				E70F55AB20E5DB130094A2D8 /* Sources */,
				E70F55AC20E5DB130094A2D8 /* Frameworks */,
				E70F55AD20E5DB130094A2D8 /* Resources */,
			);
			buildRules = (
			);
			dependencies = (
			);
			name = "4、GCDGroup";
			productName = "4、GCDGroup";
			productReference = E70F55AF20E5DB130094A2D8 /* 4、GCDGroup.app */;
			productType = "com.apple.product-type.application";
		};
		E70F55C620E5DB140094A2D8 /* 4、GCDGroupTests */ = {
			isa = PBXNativeTarget;
			buildConfigurationList = E70F55DE20E5DB140094A2D8 /* Build configuration list for PBXNativeTarget "4、GCDGroupTests" */;
			buildPhases = (
				E70F55C320E5DB140094A2D8 /* Sources */,
				E70F55C420E5DB140094A2D8 /* Frameworks */,
				E70F55C520E5DB140094A2D8 /* Resources */,
			);
			buildRules = (
			);
			dependencies = (
				E70F55C920E5DB140094A2D8 /* PBXTargetDependency */,
			);
			name = "4、GCDGroupTests";
			productName = "4、GCDGroupTests";
			productReference = E70F55C720E5DB140094A2D8 /* 4、GCDGroupTests.xctest */;
			productType = "com.apple.product-type.bundle.unit-test";
		};
		E70F55D120E5DB140094A2D8 /* 4、GCDGroupUITests */ = {
			isa = PBXNativeTarget;
			buildConfigurationList = E70F55E120E5DB140094A2D8 /* Build configuration list for PBXNativeTarget "4、GCDGroupUITests" */;
			buildPhases = (
				E70F55CE20E5DB140094A2D8 /* Sources */,
				E70F55CF20E5DB140094A2D8 /* Frameworks */,
				E70F55D020E5DB140094A2D8 /* Resources */,
			);
			buildRules = (
			);
			dependencies = (
				E70F55D420E5DB140094A2D8 /* PBXTargetDependency */,
			);
			name = "4、GCDGroupUITests";
			productName = "4、GCDGroupUITests";
			productReference = E70F55D220E5DB140094A2D8 /* 4、GCDGroupUITests.xctest */;
			productType = "com.apple.product-type.bundle.ui-testing";
		};
/* End PBXNativeTarget section */

/* Begin PBXProject section */
		E70F55A720E5DB130094A2D8 /* Project object */ = {
			isa = PBXProject;
			attributes = {
				LastUpgradeCheck = 0940;
				ORGANIZATIONNAME = "童世超";
				TargetAttributes = {
					E70F55AE20E5DB130094A2D8 = {
						CreatedOnToolsVersion = 9.4.1;
					};
					E70F55C620E5DB140094A2D8 = {
						CreatedOnToolsVersion = 9.4.1;
						TestTargetID = E70F55AE20E5DB130094A2D8;
					};
					E70F55D120E5DB140094A2D8 = {
						CreatedOnToolsVersion = 9.4.1;
						TestTargetID = E70F55AE20E5DB130094A2D8;
					};
				};
			};
			buildConfigurationList = E70F55AA20E5DB130094A2D8 /* Build configuration list for PBXProject "4、GCDGroup" */;
			compatibilityVersion = "Xcode 9.3";
			developmentRegion = en;
			hasScannedForEncodings = 0;
			knownRegions = (
				en,
				Base,
			);
			mainGroup = E70F55A620E5DB130094A2D8;
			productRefGroup = E70F55B020E5DB130094A2D8 /* Products */;
			projectDirPath = "";
			projectRoot = "";
			targets = (
				E70F55AE20E5DB130094A2D8 /* 4、GCDGroup */,
				E70F55C620E5DB140094A2D8 /* 4、GCDGroupTests */,
				E70F55D120E5DB140094A2D8 /* 4、GCDGroupUITests */,
			);
		};
/* End PBXProject section */

/* Begin PBXResourcesBuildPhase section */
		E70F55AD20E5DB130094A2D8 /* Resources */ = {
			isa = PBXResourcesBuildPhase;
			buildActionMask = 2147483647;
			files = (
				E70F55BF20E5DB130094A2D8 /* LaunchScreen.storyboard in Resources */,
				E70F55BC20E5DB130094A2D8 /* Assets.xcassets in Resources */,
				E70F55BA20E5DB130094A2D8 /* Main.storyboard in Resources */,
			);
			runOnlyForDeploymentPostprocessing = 0;
		};
		E70F55C520E5DB140094A2D8 /* Resources */ = {
			isa = PBXResourcesBuildPhase;
			buildActionMask = 2147483647;
			files = (
			);
			runOnlyForDeploymentPostprocessing = 0;
		};
		E70F55D020E5DB140094A2D8 /* Resources */ = {
			isa = PBXResourcesBuildPhase;
			buildActionMask = 2147483647;
			files = (
			);
			runOnlyForDeploymentPostprocessing = 0;
		};
/* End PBXResourcesBuildPhase section */

/* Begin PBXSourcesBuildPhase section */
		E70F55AB20E5DB130094A2D8 /* Sources */ = {
			isa = PBXSourcesBuildPhase;
			buildActionMask = 2147483647;
			files = (
				E70F55B720E5DB130094A2D8 /* ViewController.m in Sources */,
				E70F55C220E5DB130094A2D8 /* main.m in Sources */,
				E70F55B420E5DB130094A2D8 /* AppDelegate.m in Sources */,
			);
			runOnlyForDeploymentPostprocessing = 0;
		};
		E70F55C320E5DB140094A2D8 /* Sources */ = {
			isa = PBXSourcesBuildPhase;
			buildActionMask = 2147483647;
			files = (
				E70F55CC20E5DB140094A2D8 /* __GCDGroupTests.m in Sources */,
			);
			runOnlyForDeploymentPostprocessing = 0;
		};
		E70F55CE20E5DB140094A2D8 /* Sources */ = {
			isa = PBXSourcesBuildPhase;
			buildActionMask = 2147483647;
			files = (
				E70F55D720E5DB140094A2D8 /* __GCDGroupUITests.m in Sources */,
			);
			runOnlyForDeploymentPostprocessing = 0;
		};
/* End PBXSourcesBuildPhase section */

/* Begin PBXTargetDependency section */
		E70F55C920E5DB140094A2D8 /* PBXTargetDependency */ = {
			isa = PBXTargetDependency;
			target = E70F55AE20E5DB130094A2D8 /* 4、GCDGroup */;
			targetProxy = E70F55C820E5DB140094A2D8 /* PBXContainerItemProxy */;
		};
		E70F55D420E5DB140094A2D8 /* PBXTargetDependency */ = {
			isa = PBXTargetDependency;
			target = E70F55AE20E5DB130094A2D8 /* 4、GCDGroup */;
			targetProxy = E70F55D320E5DB140094A2D8 /* PBXContainerItemProxy */;
		};
/* End PBXTargetDependency section */

/* Begin PBXVariantGroup section */
		E70F55B820E5DB130094A2D8 /* Main.storyboard */ = {
			isa = PBXVariantGroup;
			children = (
				E70F55B920E5DB130094A2D8 /* Base */,
			);
			name = Main.storyboard;
			sourceTree = "<group>";
		};
		E70F55BD20E5DB130094A2D8 /* LaunchScreen.storyboard */ = {
			isa = PBXVariantGroup;
			children = (
				E70F55BE20E5DB130094A2D8 /* Base */,
			);
			name = LaunchScreen.storyboard;
			sourceTree = "<group>";
		};
/* End PBXVariantGroup section */

/* Begin XCBuildConfiguration section */
		E70F55D920E5DB140094A2D8 /* Debug */ = {
			isa = XCBuildConfiguration;
			buildSettings = {
				ALWAYS_SEARCH_USER_PATHS = NO;
				CLANG_ANALYZER_NONNULL = YES;
				CLANG_ANALYZER_NUMBER_OBJECT_CONVERSION = YES_AGGRESSIVE;
				CLANG_CXX_LANGUAGE_STANDARD = "gnu++14";
				CLANG_CXX_LIBRARY = "libc++";
				CLANG_ENABLE_MODULES = YES;
				CLANG_ENABLE_OBJC_ARC = YES;
				CLANG_ENABLE_OBJC_WEAK = YES;
				CLANG_WARN_BLOCK_CAPTURE_AUTORELEASING = YES;
				CLANG_WARN_BOOL_CONVERSION = YES;
				CLANG_WARN_COMMA = YES;
				CLANG_WARN_CONSTANT_CONVERSION = YES;
				CLANG_WARN_DEPRECATED_OBJC_IMPLEMENTATIONS = YES;
				CLANG_WARN_DIRECT_OBJC_ISA_USAGE = YES_ERROR;
				CLANG_WARN_DOCUMENTATION_COMMENTS = YES;
				CLANG_WARN_EMPTY_BODY = YES;
				CLANG_WARN_ENUM_CONVERSION = YES;
				CLANG_WARN_INFINITE_RECURSION = YES;
				CLANG_WARN_INT_CONVERSION = YES;
				CLANG_WARN_NON_LITERAL_NULL_CONVERSION = YES;
				CLANG_WARN_OBJC_IMPLICIT_RETAIN_SELF = YES;
				CLANG_WARN_OBJC_LITERAL_CONVERSION = YES;
				CLANG_WARN_OBJC_ROOT_CLASS = YES_ERROR;
				CLANG_WARN_RANGE_LOOP_ANALYSIS = YES;
				CLANG_WARN_STRICT_PROTOTYPES = YES;
				CLANG_WARN_SUSPICIOUS_MOVE = YES;
				CLANG_WARN_UNGUARDED_AVAILABILITY = YES_AGGRESSIVE;
				CLANG_WARN_UNREACHABLE_CODE = YES;
				CLANG_WARN__DUPLICATE_METHOD_MATCH = YES;
				CODE_SIGN_IDENTITY = "iPhone Developer";
				COPY_PHASE_STRIP = NO;
				DEBUG_INFORMATION_FORMAT = dwarf;
				ENABLE_STRICT_OBJC_MSGSEND = YES;
				ENABLE_TESTABILITY = YES;
				GCC_C_LANGUAGE_STANDARD = gnu11;
				GCC_DYNAMIC_NO_PIC = NO;
				GCC_NO_COMMON_BLOCKS = YES;
				GCC_OPTIMIZATION_LEVEL = 0;
				GCC_PREPROCESSOR_DEFINITIONS = (
					"DEBUG=1",
					"$(inherited)",
				);
				GCC_WARN_64_TO_32_BIT_CONVERSION = YES;
				GCC_WARN_ABOUT_RETURN_TYPE = YES_ERROR;
				GCC_WARN_UNDECLARED_SELECTOR = YES;
				GCC_WARN_UNINITIALIZED_AUTOS = YES_AGGRESSIVE;
				GCC_WARN_UNUSED_FUNCTION = YES;
				GCC_WARN_UNUSED_VARIABLE = YES;
				IPHONEOS_DEPLOYMENT_TARGET = 11.4;
				MTL_ENABLE_DEBUG_INFO = YES;
				ONLY_ACTIVE_ARCH = YES;
				SDKROOT = iphoneos;
			};
			name = Debug;
		};
		E70F55DA20E5DB140094A2D8 /* Release */ = {
			isa = XCBuildConfiguration;
			buildSettings = {
				ALWAYS_SEARCH_USER_PATHS = NO;
				CLANG_ANALYZER_NONNULL = YES;
				CLANG_ANALYZER_NUMBER_OBJECT_CONVERSION = YES_AGGRESSIVE;
				CLANG_CXX_LANGUAGE_STANDARD = "gnu++14";
				CLANG_CXX_LIBRARY = "libc++";
				CLANG_ENABLE_MODULES = YES;
				CLANG_ENABLE_OBJC_ARC = YES;
				CLANG_ENABLE_OBJC_WEAK = YES;
				CLANG_WARN_BLOCK_CAPTURE_AUTORELEASING = YES;
				CLANG_WARN_BOOL_CONVERSION = YES;
				CLANG_WARN_COMMA = YES;
				CLANG_WARN_CONSTANT_CONVERSION = YES;
				CLANG_WARN_DEPRECATED_OBJC_IMPLEMENTATIONS = YES;
				CLANG_WARN_DIRECT_OBJC_ISA_USAGE = YES_ERROR;
				CLANG_WARN_DOCUMENTATION_COMMENTS = YES;
				CLANG_WARN_EMPTY_BODY = YES;
				CLANG_WARN_ENUM_CONVERSION = YES;
				CLANG_WARN_INFINITE_RECURSION = YES;
				CLANG_WARN_INT_CONVERSION = YES;
				CLANG_WARN_NON_LITERAL_NULL_CONVERSION = YES;
				CLANG_WARN_OBJC_IMPLICIT_RETAIN_SELF = YES;
				CLANG_WARN_OBJC_LITERAL_CONVERSION = YES;
				CLANG_WARN_OBJC_ROOT_CLASS = YES_ERROR;
				CLANG_WARN_RANGE_LOOP_ANALYSIS = YES;
				CLANG_WARN_STRICT_PROTOTYPES = YES;
				CLANG_WARN_SUSPICIOUS_MOVE = YES;
				CLANG_WARN_UNGUARDED_AVAILABILITY = YES_AGGRESSIVE;
				CLANG_WARN_UNREACHABLE_CODE = YES;
				CLANG_WARN__DUPLICATE_METHOD_MATCH = YES;
				CODE_SIGN_IDENTITY = "iPhone Developer";
				COPY_PHASE_STRIP = NO;
				DEBUG_INFORMATION_FORMAT = "dwarf-with-dsym";
				ENABLE_NS_ASSERTIONS = NO;
				ENABLE_STRICT_OBJC_MSGSEND = YES;
				GCC_C_LANGUAGE_STANDARD = gnu11;
				GCC_NO_COMMON_BLOCKS = YES;
				GCC_WARN_64_TO_32_BIT_CONVERSION = YES;
				GCC_WARN_ABOUT_RETURN_TYPE = YES_ERROR;
				GCC_WARN_UNDECLARED_SELECTOR = YES;
				GCC_WARN_UNINITIALIZED_AUTOS = YES_AGGRESSIVE;
				GCC_WARN_UNUSED_FUNCTION = YES;
				GCC_WARN_UNUSED_VARIABLE = YES;
				IPHONEOS_DEPLOYMENT_TARGET = 11.4;
				MTL_ENABLE_DEBUG_INFO = NO;
				SDKROOT = iphoneos;
				VALIDATE_PRODUCT = YES;
			};
			name = Release;
		};
		E70F55DC20E5DB140094A2D8 /* Debug */ = {
			isa = XCBuildConfiguration;
			buildSettings = {
				ASSETCATALOG_COMPILER_APPICON_NAME = AppIcon;
				CODE_SIGN_STYLE = Automatic;
				DEVELOPMENT_TEAM = SP9H6353S3;
				INFOPLIST_FILE = "4、GCDGroup/Info.plist";
				LD_RUNPATH_SEARCH_PATHS = (
					"$(inherited)",
					"@executable_path/Frameworks",
				);
				PRODUCT_BUNDLE_IDENTIFIER = "tsc.--GCDGroup";
				PRODUCT_NAME = "$(TARGET_NAME)";
				TARGETED_DEVICE_FAMILY = "1,2";
			};
			name = Debug;
		};
		E70F55DD20E5DB140094A2D8 /* Release */ = {
			isa = XCBuildConfiguration;
			buildSettings = {
				ASSETCATALOG_COMPILER_APPICON_NAME = AppIcon;
				CODE_SIGN_STYLE = Automatic;
				DEVELOPMENT_TEAM = SP9H6353S3;
				INFOPLIST_FILE = "4、GCDGroup/Info.plist";
				LD_RUNPATH_SEARCH_PATHS = (
					"$(inherited)",
					"@executable_path/Frameworks",
				);
				PRODUCT_BUNDLE_IDENTIFIER = "tsc.--GCDGroup";
				PRODUCT_NAME = "$(TARGET_NAME)";
				TARGETED_DEVICE_FAMILY = "1,2";
			};
			name = Release;
		};
		E70F55DF20E5DB140094A2D8 /* Debug */ = {
			isa = XCBuildConfiguration;
			buildSettings = {
				BUNDLE_LOADER = "$(TEST_HOST)";
				CODE_SIGN_STYLE = Automatic;
				DEVELOPMENT_TEAM = SP9H6353S3;
				INFOPLIST_FILE = "4、GCDGroupTests/Info.plist";
				LD_RUNPATH_SEARCH_PATHS = (
					"$(inherited)",
					"@executable_path/Frameworks",
					"@loader_path/Frameworks",
				);
				PRODUCT_BUNDLE_IDENTIFIER = "tsc.--GCDGroupTests";
				PRODUCT_NAME = "$(TARGET_NAME)";
				TARGETED_DEVICE_FAMILY = "1,2";
				TEST_HOST = "$(BUILT_PRODUCTS_DIR)/4、GCDGroup.app/4、GCDGroup";
			};
			name = Debug;
		};
		E70F55E020E5DB140094A2D8 /* Release */ = {
			isa = XCBuildConfiguration;
			buildSettings = {
				BUNDLE_LOADER = "$(TEST_HOST)";
				CODE_SIGN_STYLE = Automatic;
				DEVELOPMENT_TEAM = SP9H6353S3;
				INFOPLIST_FILE = "4、GCDGroupTests/Info.plist";
				LD_RUNPATH_SEARCH_PATHS = (
					"$(inherited)",
					"@executable_path/Frameworks",
					"@loader_path/Frameworks",
				);
				PRODUCT_BUNDLE_IDENTIFIER = "tsc.--GCDGroupTests";
				PRODUCT_NAME = "$(TARGET_NAME)";
				TARGETED_DEVICE_FAMILY = "1,2";
				TEST_HOST = "$(BUILT_PRODUCTS_DIR)/4、GCDGroup.app/4、GCDGroup";
			};
			name = Release;
		};
		E70F55E220E5DB140094A2D8 /* Debug */ = {
			isa = XCBuildConfiguration;
			buildSettings = {
				CODE_SIGN_STYLE = Automatic;
				DEVELOPMENT_TEAM = SP9H6353S3;
				INFOPLIST_FILE = "4、GCDGroupUITests/Info.plist";
				LD_RUNPATH_SEARCH_PATHS = (
					"$(inherited)",
					"@executable_path/Frameworks",
					"@loader_path/Frameworks",
				);
				PRODUCT_BUNDLE_IDENTIFIER = "tsc.--GCDGroupUITests";
				PRODUCT_NAME = "$(TARGET_NAME)";
				TARGETED_DEVICE_FAMILY = "1,2";
				TEST_TARGET_NAME = "4、GCDGroup";
			};
			name = Debug;
		};
		E70F55E320E5DB140094A2D8 /* Release */ = {
			isa = XCBuildConfiguration;
			buildSettings = {
				CODE_SIGN_STYLE = Automatic;
				DEVELOPMENT_TEAM = SP9H6353S3;
				INFOPLIST_FILE = "4、GCDGroupUITests/Info.plist";
				LD_RUNPATH_SEARCH_PATHS = (
					"$(inherited)",
					"@executable_path/Frameworks",
					"@loader_path/Frameworks",
				);
				PRODUCT_BUNDLE_IDENTIFIER = "tsc.--GCDGroupUITests";
				PRODUCT_NAME = "$(TARGET_NAME)";
				TARGETED_DEVICE_FAMILY = "1,2";
				TEST_TARGET_NAME = "4、GCDGroup";
			};
			name = Release;
		};
/* End XCBuildConfiguration section */

/* Begin XCConfigurationList section */
		E70F55AA20E5DB130094A2D8 /* Build configuration list for PBXProject "4、GCDGroup" */ = {
			isa = XCConfigurationList;
			buildConfigurations = (
				E70F55D920E5DB140094A2D8 /* Debug */,
				E70F55DA20E5DB140094A2D8 /* Release */,
			);
			defaultConfigurationIsVisible = 0;
			defaultConfigurationName = Release;
		};
		E70F55DB20E5DB140094A2D8 /* Build configuration list for PBXNativeTarget "4、GCDGroup" */ = {
			isa = XCConfigurationList;
			buildConfigurations = (
				E70F55DC20E5DB140094A2D8 /* Debug */,
				E70F55DD20E5DB140094A2D8 /* Release */,
			);
			defaultConfigurationIsVisible = 0;
			defaultConfigurationName = Release;
		};
		E70F55DE20E5DB140094A2D8 /* Build configuration list for PBXNativeTarget "4、GCDGroupTests" */ = {
			isa = XCConfigurationList;
			buildConfigurations = (
				E70F55DF20E5DB140094A2D8 /* Debug */,
				E70F55E020E5DB140094A2D8 /* Release */,
			);
			defaultConfigurationIsVisible = 0;
			defaultConfigurationName = Release;
		};
		E70F55E120E5DB140094A2D8 /* Build configuration list for PBXNativeTarget "4、GCDGroupUITests" */ = {
			isa = XCConfigurationList;
			buildConfigurations = (
				E70F55E220E5DB140094A2D8 /* Debug */,
				E70F55E320E5DB140094A2D8 /* Release */,
			);
			defaultConfigurationIsVisible = 0;
			defaultConfigurationName = Release;
		};
/* End XCConfigurationList section */
	};
	rootObject = E70F55A720E5DB130094A2D8 /* Project object */;
}
